# THIS IS AN AUTOGENERATED FILE. DO NOT EDIT THIS FILE DIRECTLY.
# yarn lockfile v1


fern-api@^0.45.1:
  version "0.45.1"
  resolved "https://registry.yarnpkg.com/fern-api/-/fern-api-0.45.1.tgz#7a32d1942442bd3cda59b25e7f0eac9fe2d131f6"
  integrity sha512-ylIhTeHLB2m0EKcim4T+1vHW9rLNz2RHguvfdNDVI3oeOu5st91K8q4yovNnl2g4qbT/66u5er/suPqy2jNuew==
