# This file is generated by running "yarn install" inside your project.
# Manual changes might be lost - proceed with caution!

__metadata:
  version: 8
  cacheKey: 10c0

"fern-api@npm:^0.45.3":
  version: 0.45.3
  resolution: "fern-api@npm:0.45.3"
  bin:
    fern: cli.cjs
  checksum: 10c0/a5e5d7c34bd7332921231f0b9943dc817e0e1a9c6f5e44680076ab7f6eab13e8f33ae608ef9b50fbd6611d3ed0c52fdab8d1f751cf723f53844aa1427edeab7d
  languageName: node
  linkType: hard

"paradex-docs@workspace:.":
  version: 0.0.0-use.local
  resolution: "paradex-docs@workspace:."
  dependencies:
    fern-api: "npm:^0.45.3"
  languageName: unknown
  linkType: soft
