# This file is generated by running "yarn install" inside your project.
# Manual changes might be lost - proceed with caution!

__metadata:
  version: 8
  cacheKey: 10c0

"fern-api@npm:^0.45.1":
  version: 0.45.1
  resolution: "fern-api@npm:0.45.1"
  bin:
    fern: cli.cjs
  checksum: 10c0/95f59dcefdc7e46cda24998d24e63fd75e9e8a8ae73d6cda2f02a59936691527e62905be520431cc7f9ea74d4c54289f27b980b4d55d1165f7bfb135786f1e7c
  languageName: node
  linkType: hard

"paradex-docs@workspace:.":
  version: 0.0.0-use.local
  resolution: "paradex-docs@workspace:."
  dependencies:
    fern-api: "npm:^0.45.1"
  languageName: unknown
  linkType: soft
